
Microsoft Visual Studio Solution File, Format Version 12.00
# Visual Studio Version 17
VisualStudioVersion = 17.4.33403.182
MinimumVisualStudioVersion = 10.0.40219.1
Project("{FAE04EC0-301F-11D3-BF4B-00C04F79EFBC}") = "PR_17", "PR_17.csproj", "{9052772D-A8BB-4D84-B38B-79F57BCC1ACD}"
EndProject
Global
	GlobalSection(SolutionConfigurationPlatforms) = preSolution
		Debug|Any CPU = Debug|Any CPU
		Release|Any CPU = Release|Any CPU
	EndGlobalSection
	GlobalSection(ProjectConfigurationPlatforms) = postSolution
		{9052772D-A8BB-4D84-B38B-79F57BCC1ACD}.Debug|Any CPU.ActiveCfg = Debug|Any CPU
		{9052772D-A8BB-4D84-B38B-79F57BCC1ACD}.Debug|Any CPU.Build.0 = Debug|Any CPU
		{9052772D-A8BB-4D84-B38B-79F57BCC1ACD}.Release|Any CPU.ActiveCfg = Release|Any CPU
		{9052772D-A8BB-4D84-B38B-79F57BCC1ACD}.Release|Any CPU.Build.0 = Release|Any CPU
	EndGlobalSection
	GlobalSection(SolutionProperties) = preSolution
		HideSolutionNode = FALSE
	EndGlobalSection
	GlobalSection(ExtensibilityGlobals) = postSolution
		SolutionGuid = {2881CC02-F4E0-48E5-93A2-31CDA84938E9}
	EndGlobalSection
EndGlobal
